{
  "name": "Fitness-App",
  "lockfileVersion": 2,
  "requires": true,
  "packages": {
    "": {
      "dependencies": {
        "libmoji": "^2.3.0"
      }
    },
    "node_modules/libmoji": {
      "version": "2.3.0",
      "resolved": "https://registry.npmjs.org/libmoji/-/libmoji-2.3.0.tgz",
      "integrity": "sha512-EPu3e8X/QKT3uDjOhA2783/uQ5dQtPQCSHWA34pW4dmTGVtrmxUjAUGIjX1jLl1tsNg2CfS8rtO8XjEC1L0o7g=="
    }
  },
  "dependencies": {
    "libmoji": {
      "version": "2.3.0",
      "resolved": "https://registry.npmjs.org/libmoji/-/libmoji-2.3.0.tgz",
      "integrity": "sha512-EPu3e8X/QKT3uDjOhA2783/uQ5dQtPQCSHWA34pW4dmTGVtrmxUjAUGIjX1jLl1tsNg2CfS8rtO8XjEC1L0o7g=="
    }
  }
}
